
Microsoft Visual Studio Solution File, Format Version 12.00
# Visual Studio 15
VisualStudioVersion = 15.0.28307.136
MinimumVisualStudioVersion = 10.0.40219.1
Project("{FAE04EC0-301F-11D3-BF4B-00C04F79EFBC}") = "TidligereEksamensOpgave", "TidligereEksamensOpgave\TidligereEksamensOpgave.csproj", "{8EDB5BBA-1A3D-4410-B31C-F4A07B4B7118}"
EndProject
Global
	GlobalSection(SolutionConfigurationPlatforms) = preSolution
		Debug|Any CPU = Debug|Any CPU
		Release|Any CPU = Release|Any CPU
	EndGlobalSection
	GlobalSection(ProjectConfigurationPlatforms) = postSolution
		{8EDB5BBA-1A3D-4410-B31C-F4A07B4B7118}.Debug|Any CPU.ActiveCfg = Debug|Any CPU
		{8EDB5BBA-1A3D-4410-B31C-F4A07B4B7118}.Debug|Any CPU.Build.0 = Debug|Any CPU
		{8EDB5BBA-1A3D-4410-B31C-F4A07B4B7118}.Release|Any CPU.ActiveCfg = Release|Any CPU
		{8EDB5BBA-1A3D-4410-B31C-F4A07B4B7118}.Release|Any CPU.Build.0 = Release|Any CPU
	EndGlobalSection
	GlobalSection(SolutionProperties) = preSolution
		HideSolutionNode = FALSE
	EndGlobalSection
	GlobalSection(ExtensibilityGlobals) = postSolution
		SolutionGuid = {DCA52563-F988-46F2-8A1B-58F8B0F08842}
	EndGlobalSection
EndGlobal
